
Microsoft Visual Studio Solution File, Format Version 12.00
# Visual Studio Version 17
VisualStudioVersion = 17.1.32407.343
MinimumVisualStudioVersion = 10.0.40219.1
Project("{FAE04EC0-301F-11D3-BF4B-00C04F79EFBC}") = "OptionEdge.API.AliceBlue.Smart.Samples", "OptionEdge.API.AliceBlue.Smart.Samples.csproj", "{CC6E30C4-A8ED-4C01-B835-2747F8371E5C}"
EndProject
Project("{FAE04EC0-301F-11D3-BF4B-00C04F79EFBC}") = "OptionEdge.API.AliceBlue.Smart", "..\OptionEdge.API.AliceBlue.Smart\OptionEdge.API.AliceBlue.Smart.csproj", "{29F2DA62-0363-4D1C-8505-837BBC514BFD}"
EndProject
Global
	GlobalSection(SolutionConfigurationPlatforms) = preSolution
		Debug|Any CPU = Debug|Any CPU
		Release|Any CPU = Release|Any CPU
	EndGlobalSection
	GlobalSection(ProjectConfigurationPlatforms) = postSolution
		{CC6E30C4-A8ED-4C01-B835-2747F8371E5C}.Debug|Any CPU.ActiveCfg = Debug|Any CPU
		{CC6E30C4-A8ED-4C01-B835-2747F8371E5C}.Debug|Any CPU.Build.0 = Debug|Any CPU
		{CC6E30C4-A8ED-4C01-B835-2747F8371E5C}.Release|Any CPU.ActiveCfg = Release|Any CPU
		{CC6E30C4-A8ED-4C01-B835-2747F8371E5C}.Release|Any CPU.Build.0 = Release|Any CPU
		{29F2DA62-0363-4D1C-8505-837BBC514BFD}.Debug|Any CPU.ActiveCfg = Debug|Any CPU
		{29F2DA62-0363-4D1C-8505-837BBC514BFD}.Debug|Any CPU.Build.0 = Debug|Any CPU
		{29F2DA62-0363-4D1C-8505-837BBC514BFD}.Release|Any CPU.ActiveCfg = Release|Any CPU
		{29F2DA62-0363-4D1C-8505-837BBC514BFD}.Release|Any CPU.Build.0 = Release|Any CPU
	EndGlobalSection
	GlobalSection(SolutionProperties) = preSolution
		HideSolutionNode = FALSE
	EndGlobalSection
	GlobalSection(ExtensibilityGlobals) = postSolution
		SolutionGuid = {B0FC957C-BB18-43F5-B2B9-2CCF648A7BEB}
	EndGlobalSection
EndGlobal
